
Microsoft Visual Studio Solution File, Format Version 12.00
# Visual Studio Version 17
VisualStudioVersion = 17.12.35527.113
MinimumVisualStudioVersion = 10.0.40219.1
Project("{888888A0-9F3D-457C-B088-3A5042F75D52}") = "ForFunsies", "ForFunsies\ForFunsies.pyproj", "{6F39FA1A-4987-4405-9997-2159AE4DB19B}"
EndProject
Project("{54A90642-561A-4BB1-A94E-469ADEE60C69}") = "ForFunsies.JavaScript", "ForFunsies.JavaScript\ForFunsies.JavaScript.esproj", "{DDE1159D-2925-41E6-AB6B-AADF31387CAA}"
EndProject
Project("{9092AA53-FB77-4645-B42D-1CCCA6BD08BD}") = "NodejsConsoleApp1", "NodejsConsoleApp1\NodejsConsoleApp1.njsproj", "{EDF69159-F104-427B-A8C5-0E2E082D7ABE}"
EndProject
Global
	GlobalSection(SolutionConfigurationPlatforms) = preSolution
		Debug|Any CPU = Debug|Any CPU
		Release|Any CPU = Release|Any CPU
	EndGlobalSection
	GlobalSection(ProjectConfigurationPlatforms) = postSolution
		{6F39FA1A-4987-4405-9997-2159AE4DB19B}.Debug|Any CPU.ActiveCfg = Debug|Any CPU
		{6F39FA1A-4987-4405-9997-2159AE4DB19B}.Release|Any CPU.ActiveCfg = Release|Any CPU
		{DDE1159D-2925-41E6-AB6B-AADF31387CAA}.Debug|Any CPU.ActiveCfg = Debug|Any CPU
		{DDE1159D-2925-41E6-AB6B-AADF31387CAA}.Debug|Any CPU.Build.0 = Debug|Any CPU
		{DDE1159D-2925-41E6-AB6B-AADF31387CAA}.Debug|Any CPU.Deploy.0 = Debug|Any CPU
		{DDE1159D-2925-41E6-AB6B-AADF31387CAA}.Release|Any CPU.ActiveCfg = Release|Any CPU
		{DDE1159D-2925-41E6-AB6B-AADF31387CAA}.Release|Any CPU.Build.0 = Release|Any CPU
		{DDE1159D-2925-41E6-AB6B-AADF31387CAA}.Release|Any CPU.Deploy.0 = Release|Any CPU
		{EDF69159-F104-427B-A8C5-0E2E082D7ABE}.Debug|Any CPU.ActiveCfg = Debug|Any CPU
		{EDF69159-F104-427B-A8C5-0E2E082D7ABE}.Debug|Any CPU.Build.0 = Debug|Any CPU
		{EDF69159-F104-427B-A8C5-0E2E082D7ABE}.Release|Any CPU.ActiveCfg = Release|Any CPU
		{EDF69159-F104-427B-A8C5-0E2E082D7ABE}.Release|Any CPU.Build.0 = Release|Any CPU
	EndGlobalSection
	GlobalSection(SolutionProperties) = preSolution
		HideSolutionNode = FALSE
	EndGlobalSection
EndGlobal
